Microsoft Visual Studio Solution File, Format Version 12.00
# Visual Studio Version 17
VisualStudioVersion = 17.5.2.0
MinimumVisualStudioVersion = 10.0.40219.1
Project("{FAE04EC0-301F-11D3-BF4B-00C04F79EFBC}") = "WindowsHotSpot", "WindowsHotSpot\WindowsHotSpot.csproj", "{32873C36-8328-3F9F-25F6-089A2DB8B115}"
EndProject
Global
	GlobalSection(SolutionConfigurationPlatforms) = preSolution
		Debug|Any CPU = Debug|Any CPU
		Release|Any CPU = Release|Any CPU
	EndGlobalSection
	GlobalSection(ProjectConfigurationPlatforms) = postSolution
		{32873C36-8328-3F9F-25F6-089A2DB8B115}.Debug|Any CPU.ActiveCfg = Debug|Any CPU
		{32873C36-8328-3F9F-25F6-089A2DB8B115}.Debug|Any CPU.Build.0 = Debug|Any CPU
		{32873C36-8328-3F9F-25F6-089A2DB8B115}.Release|Any CPU.ActiveCfg = Release|Any CPU
		{32873C36-8328-3F9F-25F6-089A2DB8B115}.Release|Any CPU.Build.0 = Release|Any CPU
	EndGlobalSection
	GlobalSection(SolutionProperties) = preSolution
		HideSolutionNode = FALSE
	EndGlobalSection
	GlobalSection(ExtensibilityGlobals) = postSolution
		SolutionGuid = {789F45AC-E60F-4667-B94B-752504B25E85}
	EndGlobalSection
EndGlobal
